
Microsoft Visual Studio Solution File, Format Version 12.00
# Visual Studio 15
VisualStudioVersion = 15.0.27004.2005
MinimumVisualStudioVersion = 10.0.40219.1
Project("{FAE04EC0-301F-11D3-BF4B-00C04F79EFBC}") = "MTAOOPPractice", "MTAOOPPractice\MTAOOPPractice.csproj", "{790ABA26-8857-4BEA-8888-EFFCA74BCEB1}"
EndProject
Global
	GlobalSection(SolutionConfigurationPlatforms) = preSolution
		Debug|Any CPU = Debug|Any CPU
		Release|Any CPU = Release|Any CPU
	EndGlobalSection
	GlobalSection(ProjectConfigurationPlatforms) = postSolution
		{790ABA26-8857-4BEA-8888-EFFCA74BCEB1}.Debug|Any CPU.ActiveCfg = Debug|Any CPU
		{790ABA26-8857-4BEA-8888-EFFCA74BCEB1}.Debug|Any CPU.Build.0 = Debug|Any CPU
		{790ABA26-8857-4BEA-8888-EFFCA74BCEB1}.Release|Any CPU.ActiveCfg = Release|Any CPU
		{790ABA26-8857-4BEA-8888-EFFCA74BCEB1}.Release|Any CPU.Build.0 = Release|Any CPU
	EndGlobalSection
	GlobalSection(SolutionProperties) = preSolution
		HideSolutionNode = FALSE
	EndGlobalSection
	GlobalSection(ExtensibilityGlobals) = postSolution
		SolutionGuid = {F81E98E1-BD54-4F49-96D3-A53798818535}
	EndGlobalSection
EndGlobal
